
Microsoft Visual Studio Solution File, Format Version 12.00
# Visual Studio Version 16
VisualStudioVersion = 16.0.29728.190
MinimumVisualStudioVersion = 10.0.40219.1
Project("{FAE04EC0-301F-11D3-BF4B-00C04F79EFBC}") = "zodiaco", "zodiaco\zodiaco.csproj", "{D627F0E5-6FD7-4096-971D-FB19890E16A0}"
EndProject
Global
	GlobalSection(SolutionConfigurationPlatforms) = preSolution
		Debug|Any CPU = Debug|Any CPU
		Release|Any CPU = Release|Any CPU
	EndGlobalSection
	GlobalSection(ProjectConfigurationPlatforms) = postSolution
		{D627F0E5-6FD7-4096-971D-FB19890E16A0}.Debug|Any CPU.ActiveCfg = Debug|Any CPU
		{D627F0E5-6FD7-4096-971D-FB19890E16A0}.Debug|Any CPU.Build.0 = Debug|Any CPU
		{D627F0E5-6FD7-4096-971D-FB19890E16A0}.Release|Any CPU.ActiveCfg = Release|Any CPU
		{D627F0E5-6FD7-4096-971D-FB19890E16A0}.Release|Any CPU.Build.0 = Release|Any CPU
	EndGlobalSection
	GlobalSection(SolutionProperties) = preSolution
		HideSolutionNode = FALSE
	EndGlobalSection
	GlobalSection(ExtensibilityGlobals) = postSolution
		SolutionGuid = {67594916-C7EF-4F59-8C35-912DC82606B1}
	EndGlobalSection
EndGlobal
